
Microsoft Visual Studio Solution File, Format Version 12.00
# Visual Studio 2012
VisualStudioVersion = 12.0
MinimumVisualStudioVersion = 12.0
Project("{2150E333-8FDC-42A3-9474-1A3956D46DE8}") = "Platform", "Platform", "{1BB542F6-A1CC-4067-8868-43FCE504EADF}"
EndProject
Project("{FAE04EC0-301F-11D3-BF4B-00C04F79EFBC}") = "platform.net35.pinvoke_sqlite3.anycpu", "platform.net35.pinvoke_sqlite3.anycpu.csproj", "{084F8A7A-FD6D-4F7D-8A13-DE9B1D71EFE4}"
EndProject
Project("{2150E333-8FDC-42A3-9474-1A3956D46DE8}") = "Vendor", "Vendor", "{184C1AF9-196F-4B41-B41F-9AD53A5F0053}"
EndProject
Project("{FAE04EC0-301F-11D3-BF4B-00C04F79EFBC}") = "System.Threading.Tasks.Net35", "..\..\Rackspace\Rackspace.Threading\System.Threading.Tasks.Net35\System.Threading.Tasks.Net35.csproj", "{DCB5D745-525C-46A1-BFC0-E12F87AB6165}"
EndProject
Project("{2150E333-8FDC-42A3-9474-1A3956D46DE8}") = "Ugly", "Ugly", "{5C5A6775-8608-4894-AD70-5CE818D1B4AF}"
EndProject
Project("{FAE04EC0-301F-11D3-BF4B-00C04F79EFBC}") = "ugly_net35", "ugly_net35.csproj", "{237DD22C-0BF1-469A-9BF8-C90D2CDE6A5D}"
EndProject
Global
	GlobalSection(SolutionConfigurationPlatforms) = preSolution
		Debug|Mixed Platforms = Debug|Mixed Platforms
		Release|Mixed Platforms = Release|Mixed Platforms
		debug|anycpu = debug|anycpu
		release|anycpu = release|anycpu
	EndGlobalSection
	GlobalSection(ProjectConfigurationPlatforms) = postSolution
		{084F8A7A-FD6D-4F7D-8A13-DE9B1D71EFE4}.debug|anycpu.ActiveCfg = debug|anycpu
		{084F8A7A-FD6D-4F7D-8A13-DE9B1D71EFE4}.debug|anycpu.Build.0 = debug|anycpu
		{084F8A7A-FD6D-4F7D-8A13-DE9B1D71EFE4}.Debug|Mixed Platforms.ActiveCfg = debug|anycpu
		{084F8A7A-FD6D-4F7D-8A13-DE9B1D71EFE4}.Debug|Mixed Platforms.Build.0 = debug|anycpu
		{084F8A7A-FD6D-4F7D-8A13-DE9B1D71EFE4}.release|anycpu.ActiveCfg = release|anycpu
		{084F8A7A-FD6D-4F7D-8A13-DE9B1D71EFE4}.release|anycpu.Build.0 = release|anycpu
		{084F8A7A-FD6D-4F7D-8A13-DE9B1D71EFE4}.Release|Mixed Platforms.ActiveCfg = debug|anycpu
		{084F8A7A-FD6D-4F7D-8A13-DE9B1D71EFE4}.Release|Mixed Platforms.Build.0 = debug|anycpu
		{237DD22C-0BF1-469A-9BF8-C90D2CDE6A5D}.debug|anycpu.ActiveCfg = Debug|Any CPU
		{237DD22C-0BF1-469A-9BF8-C90D2CDE6A5D}.debug|anycpu.Build.0 = Debug|Any CPU
		{237DD22C-0BF1-469A-9BF8-C90D2CDE6A5D}.Debug|Mixed Platforms.ActiveCfg = Debug|Any CPU
		{237DD22C-0BF1-469A-9BF8-C90D2CDE6A5D}.Debug|Mixed Platforms.Build.0 = Debug|Any CPU
		{237DD22C-0BF1-469A-9BF8-C90D2CDE6A5D}.release|anycpu.ActiveCfg = Release|Any CPU
		{237DD22C-0BF1-469A-9BF8-C90D2CDE6A5D}.release|anycpu.Build.0 = Release|Any CPU
		{237DD22C-0BF1-469A-9BF8-C90D2CDE6A5D}.Release|Mixed Platforms.ActiveCfg = Release|Any CPU
		{237DD22C-0BF1-469A-9BF8-C90D2CDE6A5D}.Release|Mixed Platforms.Build.0 = Release|Any CPU
		{DCB5D745-525C-46A1-BFC0-E12F87AB6165}.debug|anycpu.ActiveCfg = Debug|Any CPU
		{DCB5D745-525C-46A1-BFC0-E12F87AB6165}.debug|anycpu.Build.0 = Debug|Any CPU
		{DCB5D745-525C-46A1-BFC0-E12F87AB6165}.Debug|Mixed Platforms.ActiveCfg = Debug|Any CPU
		{DCB5D745-525C-46A1-BFC0-E12F87AB6165}.Debug|Mixed Platforms.Build.0 = Debug|Any CPU
		{DCB5D745-525C-46A1-BFC0-E12F87AB6165}.release|anycpu.ActiveCfg = Release|Any CPU
		{DCB5D745-525C-46A1-BFC0-E12F87AB6165}.release|anycpu.Build.0 = Release|Any CPU
		{DCB5D745-525C-46A1-BFC0-E12F87AB6165}.Release|Mixed Platforms.ActiveCfg = Release|Any CPU
		{DCB5D745-525C-46A1-BFC0-E12F87AB6165}.Release|Mixed Platforms.Build.0 = Release|Any CPU
	EndGlobalSection
	GlobalSection(NestedProjects) = preSolution
		{084F8A7A-FD6D-4F7D-8A13-DE9B1D71EFE4} = {1BB542F6-A1CC-4067-8868-43FCE504EADF}
		{DCB5D745-525C-46A1-BFC0-E12F87AB6165} = {184C1AF9-196F-4B41-B41F-9AD53A5F0053}
		{237DD22C-0BF1-469A-9BF8-C90D2CDE6A5D} = {5C5A6775-8608-4894-AD70-5CE818D1B4AF}
	EndGlobalSection
	GlobalSection(SolutionProperties) = preSolution
		HideSolutionNode = FALSE
	EndGlobalSection
EndGlobal
