
Microsoft Visual Studio Solution File, Format Version 12.00
# Visual Studio 2012
VisualStudioVersion = 12.0
MinimumVisualStudioVersion = 12.0
Project("{2150E333-8FDC-42A3-9474-1A3956D46DE8}") = "platforms", "platforms", "{B6AA5DFC-C35F-4A97-B15D-686B63B292A7}"
EndProject
Project("{FAE04EC0-301F-11D3-BF4B-00C04F79EFBC}") = "platform.android.pinvoke_packaged_sqlcipher.anycpu", "platform.android.pinvoke_packaged_sqlcipher.anycpu.csproj", "{1E1A3DD6-6C0F-499C-95DD-FFFA2C83B9B1}"
EndProject
Project("{FAE04EC0-301F-11D3-BF4B-00C04F79EFBC}") = "platform.unified_ios.pinvoke_packaged_sqlcipher.anycpu", "platform.unified_ios.pinvoke_packaged_sqlcipher.anycpu.csproj", "{05817DDA-0F3C-4ADF-8AC5-13C314655E23}"
EndProject
Project("{FAE04EC0-301F-11D3-BF4B-00C04F79EFBC}") = "platform.net45.pinvoke_packaged_sqlcipher.anycpu", "platform.net45.pinvoke_packaged_sqlcipher.anycpu.csproj", "{8E62D3FC-CE27-427F-A060-F86DA48142F8}"
EndProject
Project("{2150E333-8FDC-42A3-9474-1A3956D46DE8}") = "portable", "portable", "{849B9EC7-E7E5-4F5D-BA93-DBF59C87BED1}"
EndProject
Project("{FAE04EC0-301F-11D3-BF4B-00C04F79EFBC}") = "portable.profile78", "portable.profile78.csproj", "{84547E16-A872-418D-82A6-B57ADEE290AE}"
EndProject
Project("{FAE04EC0-301F-11D3-BF4B-00C04F79EFBC}") = "ugly_profile78", "ugly_profile78.csproj", "{11440D11-E458-4BB6-ADBB-7C233F952089}"
	ProjectSection(ProjectDependencies) = postProject
		{84547E16-A872-418D-82A6-B57ADEE290AE} = {84547E16-A872-418D-82A6-B57ADEE290AE}
	EndProjectSection
EndProject
Global
	GlobalSection(SolutionConfigurationPlatforms) = preSolution
		Debug|Mixed Platforms = Debug|Mixed Platforms
		Release|Mixed Platforms = Release|Mixed Platforms
	EndGlobalSection
	GlobalSection(ProjectConfigurationPlatforms) = postSolution
		{05817DDA-0F3C-4ADF-8AC5-13C314655E23}.Debug|Mixed Platforms.ActiveCfg = debug|anycpu
		{05817DDA-0F3C-4ADF-8AC5-13C314655E23}.Debug|Mixed Platforms.Build.0 = debug|anycpu
		{05817DDA-0F3C-4ADF-8AC5-13C314655E23}.Release|Mixed Platforms.ActiveCfg = release|anycpu
		{05817DDA-0F3C-4ADF-8AC5-13C314655E23}.Release|Mixed Platforms.Build.0 = release|anycpu
		{11440D11-E458-4BB6-ADBB-7C233F952089}.Debug|Mixed Platforms.ActiveCfg = debug|Any CPU
		{11440D11-E458-4BB6-ADBB-7C233F952089}.Debug|Mixed Platforms.Build.0 = debug|Any CPU
		{11440D11-E458-4BB6-ADBB-7C233F952089}.Release|Mixed Platforms.ActiveCfg = release|Any CPU
		{11440D11-E458-4BB6-ADBB-7C233F952089}.Release|Mixed Platforms.Build.0 = release|Any CPU
		{1E1A3DD6-6C0F-499C-95DD-FFFA2C83B9B1}.Debug|Mixed Platforms.ActiveCfg = debug|anycpu
		{1E1A3DD6-6C0F-499C-95DD-FFFA2C83B9B1}.Debug|Mixed Platforms.Build.0 = debug|anycpu
		{1E1A3DD6-6C0F-499C-95DD-FFFA2C83B9B1}.Release|Mixed Platforms.ActiveCfg = release|anycpu
		{1E1A3DD6-6C0F-499C-95DD-FFFA2C83B9B1}.Release|Mixed Platforms.Build.0 = release|anycpu
		{84547E16-A872-418D-82A6-B57ADEE290AE}.Debug|Mixed Platforms.ActiveCfg = debug|anycpu
		{84547E16-A872-418D-82A6-B57ADEE290AE}.Debug|Mixed Platforms.Build.0 = debug|anycpu
		{84547E16-A872-418D-82A6-B57ADEE290AE}.Release|Mixed Platforms.ActiveCfg = release|anycpu
		{84547E16-A872-418D-82A6-B57ADEE290AE}.Release|Mixed Platforms.Build.0 = release|anycpu
		{8E62D3FC-CE27-427F-A060-F86DA48142F8}.Debug|Mixed Platforms.ActiveCfg = debug|anycpu
		{8E62D3FC-CE27-427F-A060-F86DA48142F8}.Debug|Mixed Platforms.Build.0 = debug|anycpu
		{8E62D3FC-CE27-427F-A060-F86DA48142F8}.Release|Mixed Platforms.ActiveCfg = release|anycpu
		{8E62D3FC-CE27-427F-A060-F86DA48142F8}.Release|Mixed Platforms.Build.0 = release|anycpu
	EndGlobalSection
	GlobalSection(NestedProjects) = preSolution
		{1E1A3DD6-6C0F-499C-95DD-FFFA2C83B9B1} = {B6AA5DFC-C35F-4A97-B15D-686B63B292A7}
		{05817DDA-0F3C-4ADF-8AC5-13C314655E23} = {B6AA5DFC-C35F-4A97-B15D-686B63B292A7}
		{8E62D3FC-CE27-427F-A060-F86DA48142F8} = {B6AA5DFC-C35F-4A97-B15D-686B63B292A7}
		{84547E16-A872-418D-82A6-B57ADEE290AE} = {849B9EC7-E7E5-4F5D-BA93-DBF59C87BED1}
	EndGlobalSection
	GlobalSection(SolutionProperties) = preSolution
		HideSolutionNode = FALSE
	EndGlobalSection
EndGlobal
